
Microsoft Visual Studio Solution File, Format Version 12.00
# Visual Studio Version 16
VisualStudioVersion = 16.0.31129.286
MinimumVisualStudioVersion = 10.0.40219.1
Project("{FAE04EC0-301F-11D3-BF4B-00C04F79EFBC}") = "Json_Data", "Json_Data\Json_Data.csproj", "{E151C334-0B7C-4CDC-B102-99C011B7AF7C}"
EndProject
Global
	GlobalSection(SolutionConfigurationPlatforms) = preSolution
		Debug|Any CPU = Debug|Any CPU
		Release|Any CPU = Release|Any CPU
	EndGlobalSection
	GlobalSection(ProjectConfigurationPlatforms) = postSolution
		{E151C334-0B7C-4CDC-B102-99C011B7AF7C}.Debug|Any CPU.ActiveCfg = Debug|Any CPU
		{E151C334-0B7C-4CDC-B102-99C011B7AF7C}.Debug|Any CPU.Build.0 = Debug|Any CPU
		{E151C334-0B7C-4CDC-B102-99C011B7AF7C}.Release|Any CPU.ActiveCfg = Release|Any CPU
		{E151C334-0B7C-4CDC-B102-99C011B7AF7C}.Release|Any CPU.Build.0 = Release|Any CPU
	EndGlobalSection
	GlobalSection(SolutionProperties) = preSolution
		HideSolutionNode = FALSE
	EndGlobalSection
	GlobalSection(ExtensibilityGlobals) = postSolution
		SolutionGuid = {B26F7160-7764-4F7D-A115-107A4F2771A9}
	EndGlobalSection
EndGlobal
