
Microsoft Visual Studio Solution File, Format Version 12.00
# Visual Studio Version 16
VisualStudioVersion = 16.0.31129.286
MinimumVisualStudioVersion = 10.0.40219.1
Project("{FAE04EC0-301F-11D3-BF4B-00C04F79EFBC}") = "Base_64", "Base_64\Base_64.csproj", "{D103E0E8-C6DA-4503-B0C7-1055DDFD4B0A}"
EndProject
Global
	GlobalSection(SolutionConfigurationPlatforms) = preSolution
		Debug|Any CPU = Debug|Any CPU
		Release|Any CPU = Release|Any CPU
	EndGlobalSection
	GlobalSection(ProjectConfigurationPlatforms) = postSolution
		{D103E0E8-C6DA-4503-B0C7-1055DDFD4B0A}.Debug|Any CPU.ActiveCfg = Debug|Any CPU
		{D103E0E8-C6DA-4503-B0C7-1055DDFD4B0A}.Debug|Any CPU.Build.0 = Debug|Any CPU
		{D103E0E8-C6DA-4503-B0C7-1055DDFD4B0A}.Release|Any CPU.ActiveCfg = Release|Any CPU
		{D103E0E8-C6DA-4503-B0C7-1055DDFD4B0A}.Release|Any CPU.Build.0 = Release|Any CPU
	EndGlobalSection
	GlobalSection(SolutionProperties) = preSolution
		HideSolutionNode = FALSE
	EndGlobalSection
	GlobalSection(ExtensibilityGlobals) = postSolution
		SolutionGuid = {39465A7D-F7F3-4CED-9979-D6E3DEF24E00}
	EndGlobalSection
EndGlobal
